Microsoft Visual Studio Solution File, Format Version 12.00
# Visual Studio Version 17
VisualStudioVersion = 17.9.34622.214
MinimumVisualStudioVersion = 10.0.40219.1
Project("{9A19103F-16F7-4668-BE54-9A1E7A4F7556}") = "YnovPassword", "YnovPassword.csproj", "{507A126C-38AA-40F7-9704-3CA5E465042D}"
EndProject
Project("{9A19103F-16F7-4668-BE54-9A1E7A4F7556}") = "DLLYnov", "..\DLLYnov\DLLYnov.csproj", "{EF5EE9B5-C45F-49EF-AFF8-F4725E0B958D}"
EndProject
Project("{54435603-DBB4-11D2-8724-00A0C9A8B90C}") = "YnovPasswordExe", "..\YnovPasswordExe\YnovPasswordExe.vdproj", "{56D4BACD-E7F1-4EB8-8DA7-28727DA40FA2}"
EndProject
Global
	GlobalSection(SolutionConfigurationPlatforms) = preSolution
		Debug|Any CPU = Debug|Any CPU
		Release|Any CPU = Release|Any CPU
	EndGlobalSection
	GlobalSection(ProjectConfigurationPlatforms) = postSolution
		{507A126C-38AA-40F7-9704-3CA5E465042D}.Debug|Any CPU.ActiveCfg = Debug|Any CPU
		{507A126C-38AA-40F7-9704-3CA5E465042D}.Debug|Any CPU.Build.0 = Debug|Any CPU
		{507A126C-38AA-40F7-9704-3CA5E465042D}.Release|Any CPU.ActiveCfg = Release|Any CPU
		{507A126C-38AA-40F7-9704-3CA5E465042D}.Release|Any CPU.Build.0 = Release|Any CPU
		{EF5EE9B5-C45F-49EF-AFF8-F4725E0B958D}.Debug|Any CPU.ActiveCfg = Debug|Any CPU
		{EF5EE9B5-C45F-49EF-AFF8-F4725E0B958D}.Debug|Any CPU.Build.0 = Debug|Any CPU
		{EF5EE9B5-C45F-49EF-AFF8-F4725E0B958D}.Release|Any CPU.ActiveCfg = Release|Any CPU
		{EF5EE9B5-C45F-49EF-AFF8-F4725E0B958D}.Release|Any CPU.Build.0 = Release|Any CPU
		{56D4BACD-E7F1-4EB8-8DA7-28727DA40FA2}.Debug|Any CPU.ActiveCfg = Debug
		{56D4BACD-E7F1-4EB8-8DA7-28727DA40FA2}.Release|Any CPU.ActiveCfg = Release
	EndGlobalSection
	GlobalSection(SolutionProperties) = preSolution
		HideSolutionNode = FALSE
	EndGlobalSection
	GlobalSection(ExtensibilityGlobals) = postSolution
		SolutionGuid = {908D1622-6C1F-43BD-830C-CE0E71558217}
	EndGlobalSection
EndGlobal
